<?xml version="1.0" encoding="utf-8"?>
<Project ToolsVersion="4.0" xmlns="http://schemas.microsoft.com/developer/msbuild/2003">
  <ItemGroup>
    <Filter Include="public">
      <UniqueIdentifier>{adeda736-c4f5-40bb-ac58-3f0433b6cf51}</UniqueIdentifier>
    </Filter>
    <Filter Include="Source Files">
      <UniqueIdentifier>{4FC737F1-C7A5-4376-A066-2A32D752A2FF}</UniqueIdentifier>
      <Extensions>cpp;c;cc;cxx;def;odl;idl;hpj;bat;asm;asmx</Extensions>
    </Filter>
    <Filter Include="include">
      <UniqueIdentifier>{93995380-89BD-4b04-88EB-625FBE52EBFB}</UniqueIdentifier>
      <Extensions>h;hh;hpp;hxx;hm;inl;inc;xsd</Extensions>
    </Filter>
    <Filter Include="资源文件">
      <UniqueIdentifier>{67DA6AB6-F800-4c08-8B7A-83BB121AAD01}</UniqueIdentifier>
      <Extensions>rc;ico;cur;bmp;dlg;rc2;rct;bin;rgs;gif;jpg;jpeg;jpe;resx;tiff;tif;png;wav;mfcribbon-ms</Extensions>
    </Filter>
  </ItemGroup>
  <ItemGroup>
    <Text Include="ReadMe.txt" />
  </ItemGroup>
  <ItemGroup>
    <ClInclude Include="stdafx.h">
      <Filter>include</Filter>
    </ClInclude>
    <ClInclude Include="targetver.h">
      <Filter>include</Filter>
    </ClInclude>
    <ClInclude Include="Resource.h">
      <Filter>include</Filter>
    </ClInclude>
    <ClInclude Include="ThreadWoker.h">
      <Filter>include</Filter>
    </ClInclude>
    <ClInclude Include="Struct.h">
      <Filter>include</Filter>
    </ClInclude>
    <ClInclude Include="Service.h">
      <Filter>include</Filter>
    </ClInclude>
    <ClInclude Include="ServiceConfigXml.h">
      <Filter>include</Filter>
    </ClInclude>
    <ClInclude Include="ServiceDataMng.h">
      <Filter>include</Filter>
    </ClInclude>
    <ClInclude Include="ServiceDlg.h">
      <Filter>include</Filter>
    </ClInclude>
    <ClInclude Include="public\LogDlg.h">
      <Filter>public</Filter>
    </ClInclude>
    <ClInclude Include="public\publicfunc.h">
      <Filter>public</Filter>
    </ClInclude>
    <ClInclude Include="public\Log.h">
      <Filter>public</Filter>
    </ClInclude>
    <ClInclude Include="public\Thread.h">
      <Filter>public</Filter>
    </ClInclude>
  </ItemGroup>
  <ItemGroup>
    <ClCompile Include="stdafx.cpp">
      <Filter>Source Files</Filter>
    </ClCompile>
    <ClCompile Include="ThreadWoker.cpp">
      <Filter>Source Files</Filter>
    </ClCompile>
    <ClCompile Include="Service.cpp">
      <Filter>Source Files</Filter>
    </ClCompile>
    <ClCompile Include="ServiceConfigXml.cpp">
      <Filter>Source Files</Filter>
    </ClCompile>
    <ClCompile Include="ServiceDataMng.cpp">
      <Filter>Source Files</Filter>
    </ClCompile>
    <ClCompile Include="ServiceDlg.cpp">
      <Filter>Source Files</Filter>
    </ClCompile>
    <ClCompile Include="public\LogDlg.cpp">
      <Filter>public</Filter>
    </ClCompile>
    <ClCompile Include="public\publicfunc.cpp">
      <Filter>public</Filter>
    </ClCompile>
    <ClCompile Include="public\Log.cpp">
      <Filter>public</Filter>
    </ClCompile>
    <ClCompile Include="public\Thread.cpp">
      <Filter>public</Filter>
    </ClCompile>
  </ItemGroup>
  <ItemGroup>
    <ResourceCompile Include="MtAssistant.rc">
      <Filter>资源文件</Filter>
    </ResourceCompile>
  </ItemGroup>
  <ItemGroup>
    <None Include="res\MtAssistant.rc2">
      <Filter>资源文件</Filter>
    </None>
  </ItemGroup>
  <ItemGroup>
    <Image Include="res\MtAssistant.ico">
      <Filter>资源文件</Filter>
    </Image>
  </ItemGroup>
</Project>
